
Microsoft Visual Studio Solution File, Format Version 12.00
# Visual Studio Version 17
VisualStudioVersion = 17.0.31903.59
MinimumVisualStudioVersion = 10.0.40219.1
Project("{2150E333-8FDC-42A3-9474-1A3956D46DE8}") = "src", "src", "{7007F48C-9B06-427A-B545-A085233D9C96}"
EndProject
Project("{FAE04EC0-301F-11D3-BF4B-00C04F79EFBC}") = "SuperDelete.Core", "src\SuperDelete.Core\SuperDelete.Core.csproj", "{29106F08-5311-49D0-9B94-30BFE81395D3}"
EndProject
Project("{FAE04EC0-301F-11D3-BF4B-00C04F79EFBC}") = "SuperDelete.Cli", "src\SuperDelete.Cli\SuperDelete.Cli.csproj", "{9BE20FD2-550D-407A-8BFF-C74539E2FB61}"
EndProject
Project("{FAE04EC0-301F-11D3-BF4B-00C04F79EFBC}") = "SuperDelete.App", "src\SuperDelete.App\SuperDelete.App.csproj", "{06931BF6-2971-4B44-8C26-81AB7E170C07}"
EndProject
Global
	GlobalSection(SolutionConfigurationPlatforms) = preSolution
		Debug|Any CPU = Debug|Any CPU
		Release|Any CPU = Release|Any CPU
	EndGlobalSection
	GlobalSection(SolutionProperties) = preSolution
		HideSolutionNode = FALSE
	EndGlobalSection
	GlobalSection(ProjectConfigurationPlatforms) = postSolution
		{29106F08-5311-49D0-9B94-30BFE81395D3}.Debug|Any CPU.ActiveCfg = Debug|Any CPU
		{29106F08-5311-49D0-9B94-30BFE81395D3}.Debug|Any CPU.Build.0 = Debug|Any CPU
		{29106F08-5311-49D0-9B94-30BFE81395D3}.Release|Any CPU.ActiveCfg = Release|Any CPU
		{29106F08-5311-49D0-9B94-30BFE81395D3}.Release|Any CPU.Build.0 = Release|Any CPU
		{9BE20FD2-550D-407A-8BFF-C74539E2FB61}.Debug|Any CPU.ActiveCfg = Debug|Any CPU
		{9BE20FD2-550D-407A-8BFF-C74539E2FB61}.Debug|Any CPU.Build.0 = Debug|Any CPU
		{9BE20FD2-550D-407A-8BFF-C74539E2FB61}.Release|Any CPU.ActiveCfg = Release|Any CPU
		{9BE20FD2-550D-407A-8BFF-C74539E2FB61}.Release|Any CPU.Build.0 = Release|Any CPU
		{06931BF6-2971-4B44-8C26-81AB7E170C07}.Debug|Any CPU.ActiveCfg = Debug|Any CPU
		{06931BF6-2971-4B44-8C26-81AB7E170C07}.Debug|Any CPU.Build.0 = Debug|Any CPU
		{06931BF6-2971-4B44-8C26-81AB7E170C07}.Release|Any CPU.ActiveCfg = Release|Any CPU
		{06931BF6-2971-4B44-8C26-81AB7E170C07}.Release|Any CPU.Build.0 = Release|Any CPU
	EndGlobalSection
	GlobalSection(NestedProjects) = preSolution
		{29106F08-5311-49D0-9B94-30BFE81395D3} = {7007F48C-9B06-427A-B545-A085233D9C96}
		{9BE20FD2-550D-407A-8BFF-C74539E2FB61} = {7007F48C-9B06-427A-B545-A085233D9C96}
		{06931BF6-2971-4B44-8C26-81AB7E170C07} = {7007F48C-9B06-427A-B545-A085233D9C96}
	EndGlobalSection
EndGlobal
